
Microsoft Visual Studio Solution File, Format Version 12.00
# Visual Studio Version 17
VisualStudioVersion = 17.8.34511.84
MinimumVisualStudioVersion = 10.0.40219.1
Project("{FAE04EC0-301F-11D3-BF4B-00C04F79EFBC}") = "Saikrishna_Assignment1", "Saikrishna_Assignment1\Saikrishna_Assignment1.csproj", "{B1653921-A727-4C8F-A8FB-03AE6261B793}"
EndProject
Global
	GlobalSection(SolutionConfigurationPlatforms) = preSolution
		Debug|Any CPU = Debug|Any CPU
		Release|Any CPU = Release|Any CPU
	EndGlobalSection
	GlobalSection(ProjectConfigurationPlatforms) = postSolution
		{B1653921-A727-4C8F-A8FB-03AE6261B793}.Debug|Any CPU.ActiveCfg = Debug|Any CPU
		{B1653921-A727-4C8F-A8FB-03AE6261B793}.Debug|Any CPU.Build.0 = Debug|Any CPU
		{B1653921-A727-4C8F-A8FB-03AE6261B793}.Release|Any CPU.ActiveCfg = Release|Any CPU
		{B1653921-A727-4C8F-A8FB-03AE6261B793}.Release|Any CPU.Build.0 = Release|Any CPU
	EndGlobalSection
	GlobalSection(SolutionProperties) = preSolution
		HideSolutionNode = FALSE
	EndGlobalSection
	GlobalSection(ExtensibilityGlobals) = postSolution
		SolutionGuid = {246C81CB-C2F0-4257-B5AB-F5CD782D471D}
	EndGlobalSection
EndGlobal
